{
    "name": "@hpcc-js/wasm-bundler-tests",
    "version": "1.0.0",
    "lockfileVersion": 3,
    "requires": true,
    "packages": {
        "": {
            "name": "@hpcc-js/wasm-bundler-tests",
            "version": "1.0.0",
            "devDependencies": {
                "@hpcc-js/wasm-graphviz-cli": "file:../../packages/graphviz-cli"
            }
        },
        "../../packages/graphviz-cli": {
            "name": "@hpcc-js/wasm-graphviz-cli",
            "version": "1.9.2",
            "dev": true,
            "license": "Apache-2.0",
            "dependencies": {
                "@hpcc-js/wasm-graphviz": "1.22.2",
                "yargs": "18.0.0"
            },
            "bin": {
                "wasm-graphviz-cli": "bin/index.js"
            },
            "devDependencies": {}
        },
        "node_modules/@hpcc-js/wasm-graphviz-cli": {
            "resolved": "../../packages/graphviz-cli",
            "link": true
        }
    }
}
